# -------------------------------------------------------------------------- #
#
# Copyright (C) 2020  Intel Corporation. All rights reserved.
# Your use of Intel Corporation's design tools, logic functions 
# and other software and tools, and any partner logic 
# functions, and any output files from any of the foregoing 
# (including device programming or simulation files), and any 
# associated documentation or information are expressly subject 
# to the terms and conditions of the Intel Program License 
# Subscription Agreement, the Intel Quartus Prime License Agreement,
# the Intel FPGA IP License Agreement, or other applicable license
# agreement, including, without limitation, that your use is for
# the sole purpose of programming logic devices manufactured by
# Intel and sold by Intel or its authorized distributors.  Please
# refer to the applicable agreement for further details, at
# https://fpgasoftware.intel.com/eula.
#
# -------------------------------------------------------------------------- #
#
# Quartus Prime
# Version 20.1.0 Build 711 06/05/2020 SJ Lite Edition
# Date created = 19:28:24  November 02, 2024
#
# -------------------------------------------------------------------------- #
#
# Notes:
#
# 1) The default values for assignments are stored in the file:
#		pipeline_assignment_defaults.qdf
#    If this file doesn't exist, see file:
#		assignment_defaults.qdf
#
# 2) Altera recommends that you do not modify this file. This
#    file is updated automatically by the Quartus Prime software
#    and any changes you make may be lost or overwritten.
#
# -------------------------------------------------------------------------- #


set_global_assignment -name FAMILY "Cyclone V"
set_global_assignment -name DEVICE 5CSXFC6D6F31C6
set_global_assignment -name TOP_LEVEL_ENTITY uniciclo
set_global_assignment -name ORIGINAL_QUARTUS_VERSION 20.1.0
set_global_assignment -name PROJECT_CREATION_TIME_DATE "19:28:24  NOVEMBER 02, 2024"
set_global_assignment -name LAST_QUARTUS_VERSION "20.1.0 Lite Edition"
set_global_assignment -name PROJECT_OUTPUT_DIRECTORY output_files
set_global_assignment -name ERROR_CHECK_FREQUENCY_DIVISOR 256
set_global_assignment -name MIN_CORE_JUNCTION_TEMP 0
set_global_assignment -name MAX_CORE_JUNCTION_TEMP 85
set_global_assignment -name POWER_PRESET_COOLING_SOLUTION "23 MM HEAT SINK WITH 200 LFPM AIRFLOW"
set_global_assignment -name POWER_BOARD_THERMAL_MODEL "NONE (CONSERVATIVE)"
set_global_assignment -name EDA_SIMULATION_TOOL "ModelSim-Altera (Verilog)"
set_global_assignment -name EDA_TIME_SCALE "1 ps" -section_id eda_simulation
set_global_assignment -name EDA_OUTPUT_DATA_FORMAT "VERILOG HDL" -section_id eda_simulation
set_global_assignment -name EDA_TEST_BENCH_ENABLE_STATUS TEST_BENCH_MODE -section_id eda_simulation
set_global_assignment -name EDA_NATIVELINK_SIMULATION_TEST_BENCH uniciclo_tb -section_id eda_simulation
set_global_assignment -name EDA_TEST_BENCH_NAME tb_sumador -section_id eda_simulation
set_global_assignment -name EDA_DESIGN_INSTANCE_NAME NA -section_id tb_sumador
set_global_assignment -name EDA_TEST_BENCH_MODULE_NAME tb_sumador -section_id tb_sumador
set_global_assignment -name EDA_TEST_BENCH_NAME tb_Sumador_ins -section_id eda_simulation
set_global_assignment -name EDA_DESIGN_INSTANCE_NAME NA -section_id tb_Sumador_ins
set_global_assignment -name EDA_TEST_BENCH_MODULE_NAME tb_Sumador_ins -section_id tb_Sumador_ins
set_global_assignment -name EDA_TEST_BENCH_NAME tb_extensor -section_id eda_simulation
set_global_assignment -name EDA_DESIGN_INSTANCE_NAME NA -section_id tb_extensor
set_global_assignment -name EDA_TEST_BENCH_MODULE_NAME tb_extensor -section_id tb_extensor
set_global_assignment -name EDA_TEST_BENCH_NAME registros_tb -section_id eda_simulation
set_global_assignment -name EDA_DESIGN_INSTANCE_NAME NA -section_id registros_tb
set_global_assignment -name EDA_TEST_BENCH_MODULE_NAME registros_tb -section_id registros_tb
set_global_assignment -name EDA_TEST_BENCH_NAME uniciclo_tb -section_id eda_simulation
set_global_assignment -name EDA_DESIGN_INSTANCE_NAME NA -section_id uniciclo_tb
set_global_assignment -name EDA_TEST_BENCH_MODULE_NAME uniciclo_tb -section_id uniciclo_tb
set_global_assignment -name EDA_TEST_BENCH_NAME imagenPrintTest_tb -section_id eda_simulation
set_global_assignment -name EDA_DESIGN_INSTANCE_NAME NA -section_id imagenPrintTest_tb
set_global_assignment -name EDA_TEST_BENCH_MODULE_NAME imagenPrintTest_tb -section_id imagenPrintTest_tb
set_global_assignment -name BOARD "Cyclone V SoC Development Kit"
set_location_assignment PIN_AK29 -to VGA_R[0]
set_location_assignment PIN_AK28 -to VGA_R[1]
set_location_assignment PIN_AK27 -to VGA_R[2]
set_location_assignment PIN_AJ27 -to VGA_R[3]
set_location_assignment PIN_AH27 -to VGA_R[4]
set_location_assignment PIN_AF26 -to VGA_R[5]
set_location_assignment PIN_AG26 -to VGA_R[6]
set_location_assignment PIN_AJ26 -to VGA_R[7]
set_location_assignment PIN_AK26 -to VGA_G[0]
set_location_assignment PIN_AJ25 -to VGA_G[1]
set_location_assignment PIN_AH25 -to VGA_G[2]
set_location_assignment PIN_AK24 -to VGA_G[3]
set_location_assignment PIN_AJ24 -to VGA_G[4]
set_location_assignment PIN_AH24 -to VGA_G[5]
set_location_assignment PIN_AK23 -to VGA_G[6]
set_location_assignment PIN_AH23 -to VGA_G[7]
set_location_assignment PIN_AJ21 -to VGA_B[0]
set_location_assignment PIN_AJ20 -to VGA_B[1]
set_location_assignment PIN_AH20 -to VGA_B[2]
set_location_assignment PIN_AJ19 -to VGA_B[3]
set_location_assignment PIN_AH19 -to VGA_B[4]
set_location_assignment PIN_AJ17 -to VGA_B[5]
set_location_assignment PIN_AJ16 -to VGA_B[6]
set_location_assignment PIN_AK16 -to VGA_B[7]
set_location_assignment PIN_AK21 -to VGA_CLK
set_location_assignment PIN_AK22 -to VGA_BLANK
set_location_assignment PIN_AK19 -to VGA_HS
set_location_assignment PIN_AJ22 -to VGA_SYNC
set_location_assignment PIN_AK18 -to VGA_VS
set_location_assignment PIN_AF14 -to clk
set_location_assignment PIN_AB30 -to rst
set_global_assignment -name EDA_TEST_BENCH_NAME mux_tb -section_id eda_simulation
set_global_assignment -name EDA_DESIGN_INSTANCE_NAME NA -section_id mux_tb
set_global_assignment -name EDA_TEST_BENCH_MODULE_NAME mux_tb -section_id mux_tb
set_global_assignment -name EDA_TEST_BENCH_NAME byteRam_tb -section_id eda_simulation
set_global_assignment -name EDA_DESIGN_INSTANCE_NAME NA -section_id byteRam_tb
set_global_assignment -name EDA_TEST_BENCH_MODULE_NAME byteRam_tb -section_id byteRam_tb
set_global_assignment -name HEX_FILE imagen.hex
set_global_assignment -name SYSTEMVERILOG_FILE byteRam_tb.sv
set_global_assignment -name SYSTEMVERILOG_FILE byteRam.sv
set_global_assignment -name SYSTEMVERILOG_FILE mux_tb.sv
set_global_assignment -name SYSTEMVERILOG_FILE mux.sv
set_global_assignment -name SYSTEMVERILOG_FILE unidadControl.sv
set_global_assignment -name SYSTEMVERILOG_FILE mainDec.sv
set_global_assignment -name SYSTEMVERILOG_FILE aluDec.sv
set_global_assignment -name SYSTEMVERILOG_FILE imagenPrintTest.sv
set_global_assignment -name SYSTEMVERILOG_FILE video_sync_generator.sv
set_global_assignment -name SYSTEMVERILOG_FILE vgaTest.sv
set_global_assignment -name SYSTEMVERILOG_FILE vga_controller.sv
set_global_assignment -name SYSTEMVERILOG_FILE registros_tb.sv
set_global_assignment -name SYSTEMVERILOG_FILE restador.sv
set_global_assignment -name SYSTEMVERILOG_FILE multiplicador.sv
set_global_assignment -name SYSTEMVERILOG_FILE sumador.sv
set_global_assignment -name SYSTEMVERILOG_FILE tb_Sumador_ins.sv
set_global_assignment -name SYSTEMVERILOG_FILE aluPara.sv
set_global_assignment -name SYSTEMVERILOG_FILE aluPara_tb.sv
set_global_assignment -name SYSTEMVERILOG_FILE extensor.sv
set_global_assignment -name SYSTEMVERILOG_FILE tb_extensor.sv
set_global_assignment -name QIP_FILE ram.qip
set_global_assignment -name HEX_FILE instrucciones.hex
set_global_assignment -name QIP_FILE rom.qip
set_global_assignment -name SYSTEMVERILOG_FILE registros.sv
set_global_assignment -name SYSTEMVERILOG_FILE uniciclo.sv
set_global_assignment -name SYSTEMVERILOG_FILE uniciclo_tb.sv
set_global_assignment -name QIP_FILE vga_pll.qip
set_global_assignment -name SIP_FILE vga_pll.sip
set_global_assignment -name SYSTEMVERILOG_FILE imagenPrintTest_tb.sv
set_global_assignment -name QIP_FILE instrClk.qip
set_global_assignment -name SIP_FILE instrClk.sip
set_global_assignment -name QIP_FILE ram2.qip
set_global_assignment -name HEX_FILE blank.hex
set_location_assignment PIN_AB28 -to switch[1]
set_location_assignment PIN_Y27 -to switch[0]
set_global_assignment -name ENABLE_SIGNALTAP ON
set_global_assignment -name USE_SIGNALTAP_FILE output_files/stp2.stp
set_global_assignment -name SIGNALTAP_FILE output_files/stp2.stp
set_global_assignment -name SLD_NODE_CREATOR_ID 110 -section_id auto_signaltap_0
set_global_assignment -name SLD_NODE_ENTITY_NAME sld_signaltap -section_id auto_signaltap_0
set_global_assignment -name SLD_NODE_PARAMETER_ASSIGNMENT "SLD_RAM_BLOCK_TYPE=AUTO" -section_id auto_signaltap_0
set_global_assignment -name SLD_NODE_PARAMETER_ASSIGNMENT "SLD_NODE_INFO=805334528" -section_id auto_signaltap_0
set_global_assignment -name SLD_NODE_PARAMETER_ASSIGNMENT "SLD_POWER_UP_TRIGGER=0" -section_id auto_signaltap_0
set_global_assignment -name SLD_NODE_PARAMETER_ASSIGNMENT "SLD_STORAGE_QUALIFIER_INVERSION_MASK_LENGTH=0" -section_id auto_signaltap_0
set_global_assignment -name SLD_NODE_PARAMETER_ASSIGNMENT "SLD_SEGMENT_SIZE=128" -section_id auto_signaltap_0
set_global_assignment -name SLD_NODE_PARAMETER_ASSIGNMENT "SLD_ATTRIBUTE_MEM_MODE=OFF" -section_id auto_signaltap_0
set_global_assignment -name SLD_NODE_PARAMETER_ASSIGNMENT "SLD_STATE_FLOW_USE_GENERATED=0" -section_id auto_signaltap_0
set_global_assignment -name SLD_NODE_PARAMETER_ASSIGNMENT "SLD_STATE_BITS=11" -section_id auto_signaltap_0
set_global_assignment -name SLD_NODE_PARAMETER_ASSIGNMENT "SLD_BUFFER_FULL_STOP=1" -section_id auto_signaltap_0
set_global_assignment -name SLD_NODE_PARAMETER_ASSIGNMENT "SLD_CURRENT_RESOURCE_WIDTH=1" -section_id auto_signaltap_0
set_global_assignment -name SLD_NODE_PARAMETER_ASSIGNMENT "SLD_INCREMENTAL_ROUTING=1" -section_id auto_signaltap_0
set_instance_assignment -name POST_FIT_CONNECT_TO_SLD_NODE_ENTITY_PORT crc[1] -to auto_signaltap_0|gnd -section_id auto_signaltap_0
set_instance_assignment -name POST_FIT_CONNECT_TO_SLD_NODE_ENTITY_PORT crc[8] -to auto_signaltap_0|gnd -section_id auto_signaltap_0
set_instance_assignment -name POST_FIT_CONNECT_TO_SLD_NODE_ENTITY_PORT crc[28] -to auto_signaltap_0|vcc -section_id auto_signaltap_0
set_instance_assignment -name POST_FIT_CONNECT_TO_SLD_NODE_ENTITY_PORT crc[29] -to auto_signaltap_0|vcc -section_id auto_signaltap_0
set_instance_assignment -name POST_FIT_CONNECT_TO_SLD_NODE_ENTITY_PORT crc[30] -to auto_signaltap_0|vcc -section_id auto_signaltap_0
set_global_assignment -name SLD_NODE_PARAMETER_ASSIGNMENT "SLD_TRIGGER_LEVEL=1" -section_id auto_signaltap_0
set_global_assignment -name SLD_NODE_PARAMETER_ASSIGNMENT "SLD_SAMPLE_DEPTH=128" -section_id auto_signaltap_0
set_global_assignment -name SLD_NODE_PARAMETER_ASSIGNMENT "SLD_TRIGGER_IN_ENABLED=0" -section_id auto_signaltap_0
set_global_assignment -name SLD_NODE_PARAMETER_ASSIGNMENT "SLD_TRIGGER_PIPELINE=0" -section_id auto_signaltap_0
set_global_assignment -name SLD_NODE_PARAMETER_ASSIGNMENT "SLD_RAM_PIPELINE=0" -section_id auto_signaltap_0
set_global_assignment -name SLD_NODE_PARAMETER_ASSIGNMENT "SLD_COUNTER_PIPELINE=0" -section_id auto_signaltap_0
set_global_assignment -name SLD_NODE_PARAMETER_ASSIGNMENT "SLD_ADVANCED_TRIGGER_ENTITY=basic,1," -section_id auto_signaltap_0
set_global_assignment -name SLD_NODE_PARAMETER_ASSIGNMENT "SLD_TRIGGER_LEVEL_PIPELINE=1" -section_id auto_signaltap_0
set_global_assignment -name SLD_NODE_PARAMETER_ASSIGNMENT "SLD_ENABLE_ADVANCED_TRIGGER=0" -section_id auto_signaltap_0
set_instance_assignment -name CONNECT_TO_SLD_NODE_ENTITY_PORT acq_clk -to clk -section_id auto_signaltap_0
set_instance_assignment -name POST_FIT_CONNECT_TO_SLD_NODE_ENTITY_PORT crc[3] -to auto_signaltap_0|vcc -section_id auto_signaltap_0
set_instance_assignment -name POST_FIT_CONNECT_TO_SLD_NODE_ENTITY_PORT crc[4] -to auto_signaltap_0|gnd -section_id auto_signaltap_0
set_instance_assignment -name POST_FIT_CONNECT_TO_SLD_NODE_ENTITY_PORT crc[6] -to auto_signaltap_0|vcc -section_id auto_signaltap_0
set_instance_assignment -name POST_FIT_CONNECT_TO_SLD_NODE_ENTITY_PORT crc[20] -to auto_signaltap_0|gnd -section_id auto_signaltap_0
set_instance_assignment -name POST_FIT_CONNECT_TO_SLD_NODE_ENTITY_PORT crc[23] -to auto_signaltap_0|vcc -section_id auto_signaltap_0
set_global_assignment -name PARTITION_NETLIST_TYPE POST_FIT -section_id Top
set_global_assignment -name PARTITION_FITTER_PRESERVATION_LEVEL PLACEMENT_AND_ROUTING -section_id Top
set_global_assignment -name PARTITION_COLOR 16764057 -section_id Top
set_global_assignment -name EDA_TEST_BENCH_FILE tb_Sumador_ins.sv -section_id tb_sumador
set_global_assignment -name EDA_TEST_BENCH_FILE tb_Sumador_ins.sv -section_id tb_Sumador_ins
set_global_assignment -name EDA_TEST_BENCH_FILE tb_extensor.sv -section_id tb_extensor
set_global_assignment -name EDA_TEST_BENCH_FILE registros_tb.sv -section_id registros_tb
set_global_assignment -name EDA_TEST_BENCH_FILE uniciclo_tb.sv -section_id uniciclo_tb
set_global_assignment -name EDA_TEST_BENCH_FILE imagenPrintTest_tb.sv -section_id imagenPrintTest_tb
set_global_assignment -name EDA_TEST_BENCH_FILE mux_tb.sv -section_id mux_tb
set_global_assignment -name EDA_TEST_BENCH_FILE byteRam_tb.sv -section_id byteRam_tb
set_instance_assignment -name POST_FIT_CONNECT_TO_SLD_NODE_ENTITY_PORT crc[2] -to auto_signaltap_0|gnd -section_id auto_signaltap_0
set_instance_assignment -name POST_FIT_CONNECT_TO_SLD_NODE_ENTITY_PORT crc[7] -to auto_signaltap_0|gnd -section_id auto_signaltap_0
set_instance_assignment -name POST_FIT_CONNECT_TO_SLD_NODE_ENTITY_PORT crc[11] -to auto_signaltap_0|gnd -section_id auto_signaltap_0
set_instance_assignment -name POST_FIT_CONNECT_TO_SLD_NODE_ENTITY_PORT crc[19] -to auto_signaltap_0|gnd -section_id auto_signaltap_0
set_instance_assignment -name POST_FIT_CONNECT_TO_SLD_NODE_ENTITY_PORT crc[24] -to auto_signaltap_0|vcc -section_id auto_signaltap_0
set_instance_assignment -name CONNECT_TO_SLD_NODE_ENTITY_PORT acq_trigger_in[0] -to "byteRam:memoriaDatos|vgaSignal[0]" -section_id auto_signaltap_0
set_instance_assignment -name CONNECT_TO_SLD_NODE_ENTITY_PORT acq_trigger_in[1] -to "byteRam:memoriaDatos|vgaSignal[1]" -section_id auto_signaltap_0
set_instance_assignment -name CONNECT_TO_SLD_NODE_ENTITY_PORT acq_trigger_in[2] -to "byteRam:memoriaDatos|vgaSignal[2]" -section_id auto_signaltap_0
set_instance_assignment -name CONNECT_TO_SLD_NODE_ENTITY_PORT acq_trigger_in[3] -to "mux:muxVGAaddress1|s[0]" -section_id auto_signaltap_0
set_instance_assignment -name CONNECT_TO_SLD_NODE_ENTITY_PORT acq_trigger_in[4] -to "mux:muxVGAaddress2|s[0]" -section_id auto_signaltap_0
set_instance_assignment -name CONNECT_TO_SLD_NODE_ENTITY_PORT acq_trigger_in[5] -to "mux:muxVGAaddress|s[0]" -section_id auto_signaltap_0
set_instance_assignment -name CONNECT_TO_SLD_NODE_ENTITY_PORT acq_data_in[0] -to "byteRam:memoriaDatos|vgaSignal[0]" -section_id auto_signaltap_0
set_instance_assignment -name CONNECT_TO_SLD_NODE_ENTITY_PORT acq_data_in[1] -to "byteRam:memoriaDatos|vgaSignal[1]" -section_id auto_signaltap_0
set_instance_assignment -name CONNECT_TO_SLD_NODE_ENTITY_PORT acq_data_in[2] -to "byteRam:memoriaDatos|vgaSignal[2]" -section_id auto_signaltap_0
set_instance_assignment -name CONNECT_TO_SLD_NODE_ENTITY_PORT acq_data_in[3] -to "mux:muxVGAaddress1|s[0]" -section_id auto_signaltap_0
set_instance_assignment -name CONNECT_TO_SLD_NODE_ENTITY_PORT acq_data_in[4] -to "mux:muxVGAaddress2|s[0]" -section_id auto_signaltap_0
set_instance_assignment -name CONNECT_TO_SLD_NODE_ENTITY_PORT acq_data_in[5] -to "mux:muxVGAaddress|s[0]" -section_id auto_signaltap_0
set_instance_assignment -name POST_FIT_CONNECT_TO_SLD_NODE_ENTITY_PORT crc[17] -to auto_signaltap_0|gnd -section_id auto_signaltap_0
set_instance_assignment -name POST_FIT_CONNECT_TO_SLD_NODE_ENTITY_PORT crc[25] -to auto_signaltap_0|gnd -section_id auto_signaltap_0
set_instance_assignment -name POST_FIT_CONNECT_TO_SLD_NODE_ENTITY_PORT crc[31] -to auto_signaltap_0|vcc -section_id auto_signaltap_0
set_instance_assignment -name POST_FIT_CONNECT_TO_SLD_NODE_ENTITY_PORT crc[0] -to auto_signaltap_0|gnd -section_id auto_signaltap_0
set_instance_assignment -name POST_FIT_CONNECT_TO_SLD_NODE_ENTITY_PORT crc[5] -to auto_signaltap_0|vcc -section_id auto_signaltap_0
set_instance_assignment -name POST_FIT_CONNECT_TO_SLD_NODE_ENTITY_PORT crc[10] -to auto_signaltap_0|vcc -section_id auto_signaltap_0
set_instance_assignment -name POST_FIT_CONNECT_TO_SLD_NODE_ENTITY_PORT crc[15] -to auto_signaltap_0|vcc -section_id auto_signaltap_0
set_instance_assignment -name POST_FIT_CONNECT_TO_SLD_NODE_ENTITY_PORT crc[16] -to auto_signaltap_0|gnd -section_id auto_signaltap_0
set_instance_assignment -name POST_FIT_CONNECT_TO_SLD_NODE_ENTITY_PORT crc[21] -to auto_signaltap_0|gnd -section_id auto_signaltap_0
set_instance_assignment -name POST_FIT_CONNECT_TO_SLD_NODE_ENTITY_PORT crc[22] -to auto_signaltap_0|vcc -section_id auto_signaltap_0
set_instance_assignment -name POST_FIT_CONNECT_TO_SLD_NODE_ENTITY_PORT crc[12] -to auto_signaltap_0|vcc -section_id auto_signaltap_0
set_instance_assignment -name POST_FIT_CONNECT_TO_SLD_NODE_ENTITY_PORT crc[13] -to auto_signaltap_0|vcc -section_id auto_signaltap_0
set_instance_assignment -name POST_FIT_CONNECT_TO_SLD_NODE_ENTITY_PORT crc[14] -to auto_signaltap_0|gnd -section_id auto_signaltap_0
set_instance_assignment -name POST_FIT_CONNECT_TO_SLD_NODE_ENTITY_PORT crc[18] -to auto_signaltap_0|gnd -section_id auto_signaltap_0
set_instance_assignment -name POST_FIT_CONNECT_TO_SLD_NODE_ENTITY_PORT crc[27] -to auto_signaltap_0|vcc -section_id auto_signaltap_0
set_instance_assignment -name POST_FIT_CONNECT_TO_SLD_NODE_ENTITY_PORT acq_trigger_in[6] -to "byteRam:memoriaDatos|ram2:newRam2|altsyncram:altsyncram_component|altsyncram_vhm1:auto_generated|ram_block1a0" -section_id auto_signaltap_0
set_instance_assignment -name POST_FIT_CONNECT_TO_SLD_NODE_ENTITY_PORT acq_trigger_in[7] -to "byteRam:memoriaDatos|ram2:newRam2|altsyncram:altsyncram_component|altsyncram_vhm1:auto_generated|ram_block1a1" -section_id auto_signaltap_0
set_instance_assignment -name POST_FIT_CONNECT_TO_SLD_NODE_ENTITY_PORT acq_trigger_in[8] -to "byteRam:memoriaDatos|ram2:newRam2|altsyncram:altsyncram_component|altsyncram_vhm1:auto_generated|ram_block1a10" -section_id auto_signaltap_0
set_instance_assignment -name POST_FIT_CONNECT_TO_SLD_NODE_ENTITY_PORT acq_data_in[6] -to "byteRam:memoriaDatos|ram2:newRam2|altsyncram:altsyncram_component|altsyncram_vhm1:auto_generated|ram_block1a0" -section_id auto_signaltap_0
set_instance_assignment -name POST_FIT_CONNECT_TO_SLD_NODE_ENTITY_PORT acq_data_in[7] -to "byteRam:memoriaDatos|ram2:newRam2|altsyncram:altsyncram_component|altsyncram_vhm1:auto_generated|ram_block1a1" -section_id auto_signaltap_0
set_instance_assignment -name POST_FIT_CONNECT_TO_SLD_NODE_ENTITY_PORT acq_data_in[8] -to "byteRam:memoriaDatos|ram2:newRam2|altsyncram:altsyncram_component|altsyncram_vhm1:auto_generated|ram_block1a10" -section_id auto_signaltap_0
set_instance_assignment -name POST_FIT_CONNECT_TO_SLD_NODE_ENTITY_PORT crc[9] -to auto_signaltap_0|vcc -section_id auto_signaltap_0
set_instance_assignment -name POST_FIT_CONNECT_TO_SLD_NODE_ENTITY_PORT acq_trigger_in[9] -to "byteRam:memoriaDatos|ram2:newRam2|altsyncram:altsyncram_component|altsyncram_vhm1:auto_generated|ram_block1a2" -section_id auto_signaltap_0
set_instance_assignment -name POST_FIT_CONNECT_TO_SLD_NODE_ENTITY_PORT acq_trigger_in[10] -to "byteRam:memoriaDatos|ram2:newRam2|altsyncram:altsyncram_component|altsyncram_vhm1:auto_generated|ram_block1a3" -section_id auto_signaltap_0
set_instance_assignment -name POST_FIT_CONNECT_TO_SLD_NODE_ENTITY_PORT acq_trigger_in[11] -to "byteRam:memoriaDatos|ram2:newRam2|altsyncram:altsyncram_component|altsyncram_vhm1:auto_generated|ram_block1a4" -section_id auto_signaltap_0
set_instance_assignment -name POST_FIT_CONNECT_TO_SLD_NODE_ENTITY_PORT acq_trigger_in[12] -to "byteRam:memoriaDatos|ram2:newRam2|altsyncram:altsyncram_component|altsyncram_vhm1:auto_generated|ram_block1a5" -section_id auto_signaltap_0
set_instance_assignment -name POST_FIT_CONNECT_TO_SLD_NODE_ENTITY_PORT acq_trigger_in[13] -to "byteRam:memoriaDatos|ram2:newRam2|altsyncram:altsyncram_component|altsyncram_vhm1:auto_generated|ram_block1a6" -section_id auto_signaltap_0
set_instance_assignment -name POST_FIT_CONNECT_TO_SLD_NODE_ENTITY_PORT acq_trigger_in[14] -to "byteRam:memoriaDatos|ram2:newRam2|altsyncram:altsyncram_component|altsyncram_vhm1:auto_generated|ram_block1a7" -section_id auto_signaltap_0
set_instance_assignment -name POST_FIT_CONNECT_TO_SLD_NODE_ENTITY_PORT acq_trigger_in[15] -to "byteRam:memoriaDatos|ram2:newRam2|altsyncram:altsyncram_component|altsyncram_vhm1:auto_generated|ram_block1a8" -section_id auto_signaltap_0
set_instance_assignment -name POST_FIT_CONNECT_TO_SLD_NODE_ENTITY_PORT acq_trigger_in[16] -to "byteRam:memoriaDatos|ram2:newRam2|altsyncram:altsyncram_component|altsyncram_vhm1:auto_generated|ram_block1a9" -section_id auto_signaltap_0
set_instance_assignment -name POST_FIT_CONNECT_TO_SLD_NODE_ENTITY_PORT acq_data_in[9] -to "byteRam:memoriaDatos|ram2:newRam2|altsyncram:altsyncram_component|altsyncram_vhm1:auto_generated|ram_block1a2" -section_id auto_signaltap_0
set_instance_assignment -name POST_FIT_CONNECT_TO_SLD_NODE_ENTITY_PORT acq_data_in[10] -to "byteRam:memoriaDatos|ram2:newRam2|altsyncram:altsyncram_component|altsyncram_vhm1:auto_generated|ram_block1a3" -section_id auto_signaltap_0
set_instance_assignment -name POST_FIT_CONNECT_TO_SLD_NODE_ENTITY_PORT acq_data_in[11] -to "byteRam:memoriaDatos|ram2:newRam2|altsyncram:altsyncram_component|altsyncram_vhm1:auto_generated|ram_block1a4" -section_id auto_signaltap_0
set_instance_assignment -name POST_FIT_CONNECT_TO_SLD_NODE_ENTITY_PORT acq_data_in[12] -to "byteRam:memoriaDatos|ram2:newRam2|altsyncram:altsyncram_component|altsyncram_vhm1:auto_generated|ram_block1a5" -section_id auto_signaltap_0
set_instance_assignment -name POST_FIT_CONNECT_TO_SLD_NODE_ENTITY_PORT acq_data_in[13] -to "byteRam:memoriaDatos|ram2:newRam2|altsyncram:altsyncram_component|altsyncram_vhm1:auto_generated|ram_block1a6" -section_id auto_signaltap_0
set_instance_assignment -name POST_FIT_CONNECT_TO_SLD_NODE_ENTITY_PORT acq_data_in[14] -to "byteRam:memoriaDatos|ram2:newRam2|altsyncram:altsyncram_component|altsyncram_vhm1:auto_generated|ram_block1a7" -section_id auto_signaltap_0
set_instance_assignment -name POST_FIT_CONNECT_TO_SLD_NODE_ENTITY_PORT acq_data_in[15] -to "byteRam:memoriaDatos|ram2:newRam2|altsyncram:altsyncram_component|altsyncram_vhm1:auto_generated|ram_block1a8" -section_id auto_signaltap_0
set_instance_assignment -name POST_FIT_CONNECT_TO_SLD_NODE_ENTITY_PORT acq_data_in[16] -to "byteRam:memoriaDatos|ram2:newRam2|altsyncram:altsyncram_component|altsyncram_vhm1:auto_generated|ram_block1a9" -section_id auto_signaltap_0
set_instance_assignment -name POST_FIT_CONNECT_TO_SLD_NODE_ENTITY_PORT crc[26] -to auto_signaltap_0|vcc -section_id auto_signaltap_0
set_global_assignment -name SLD_NODE_PARAMETER_ASSIGNMENT "SLD_DATA_BITS=17" -section_id auto_signaltap_0
set_global_assignment -name SLD_NODE_PARAMETER_ASSIGNMENT "SLD_TRIGGER_BITS=17" -section_id auto_signaltap_0
set_global_assignment -name SLD_NODE_PARAMETER_ASSIGNMENT "SLD_STORAGE_QUALIFIER_BITS=17" -section_id auto_signaltap_0
set_global_assignment -name SLD_NODE_PARAMETER_ASSIGNMENT "SLD_INVERSION_MASK=000000000000000000000000000000000000000000000000000000000000000000000000" -section_id auto_signaltap_0
set_global_assignment -name SLD_NODE_PARAMETER_ASSIGNMENT "SLD_INVERSION_MASK_LENGTH=72" -section_id auto_signaltap_0
set_instance_assignment -name PARTITION_HIERARCHY root_partition -to | -section_id Top
set_global_assignment -name SLD_FILE db/stp2_auto_stripped.stp